#
# This file is autogenerated by pip-compile with Python 3.12
# by the following command:
#
#    pip-compile --generate-hashes --index-url=https://pypi.tuna.tsinghua.edu.cn/simple --no-emit-index-url --no-index --output-file=contracts/m8/requirements.lock --pip-args='--timeout=20 --retries=1' --strip-extras contracts/m8/requirements.in
#
attrs==26.1.0 \
    --hash=sha256:c647aa4a12dfbad9333ca4e71fe62ddc36f4e63b2d260a37a8b83d2f043ac309 \
    --hash=sha256:d03ceb89cb322a8fd706d4fb91940737b6642aa36998fe130a9bc96c985eff32
    # via
    #   jsonschema
    #   referencing
coverage==7.16.2 \
    --hash=sha256:00d3eb96e9988c45f50cccd1f1496571ac5c1f91386ac02c4d55516eeda19a24 \
    --hash=sha256:01c6908bc613b420c26c818fe948e1b97dfd041a53c98b01c63bd8321f5c9aae \
    --hash=sha256:066429634299e14dd2d511e1e85f8f9cecc500781f6b41907c0dd6f1baea7e63 \
    --hash=sha256:0993d0e90858c03943d3cb152e068a20dd4707924deec84dd2230261baae3b1b \
    --hash=sha256:0dcbcfcc059117284c603ff8cb61a65872512882f84a8cf0339241f7f7c2f148 \
    --hash=sha256:0fd7a86fdda7cb6d616d178654bd0ad6bc0f3f33c2e478aa598500a1a9e34eda \
    --hash=sha256:11d28e9123a9156cb405d8d27b44256c9a58fb5decc2073a8f17862057e3aa0f \
    --hash=sha256:11e597173af1dc33d5f8a7332ada544199269a223af1ee1770ddd5e245ad0fe8 \
    --hash=sha256:126d1af8804d7224421fe991ff65d3ce649081560df7a98b1a5ffff07f9923bd \
    --hash=sha256:14253fc7bb15749b849795a06f5d3b6d8bc3fb8a4b5ddc341faf7a89dce205fc \
    --hash=sha256:152877cdc8a07264882cfcd503ba56a3ef6cba56a70e8c70f6eb8ffd7384789a \
    --hash=sha256:17228fbca0f22976f797be94e975dcd237799c657d49551c7de1e0654d1202e9 \
    --hash=sha256:191803c4996b499fcd78c2ad5e5f767dcc53cb4dc6de6d6a741b443a1821ef02 \
    --hash=sha256:1a37c6e478cf687e1aa30a593d19c92c02fad9d122b51ab73f51b8dc7a0c0fc9 \
    --hash=sha256:1c569a9fd25505f1cd6bea90588818f90373ce90e2632e2cacf19ddbd6e14fdb \
    --hash=sha256:1d56e4d21c56d2046447733f8b118409597db48c01efe898ee9ac24e858ec2d6 \
    --hash=sha256:1d5d0e3b660506fb84f995814e3118a21efdc0c8eb80127da1be627d90093c17 \
    --hash=sha256:1f15254427c9b33eedac4f198eaf9e356eb4f6214551afb43da6194a2c088ad7 \
    --hash=sha256:218d742afca2b5ad5ca759e93eddedfbcc6eadf8322f080dcefc40b7bd4e2d48 \
    --hash=sha256:22957cef43ce038641de78ba995de7568d2d6a37c6ddbf7fa0fd7d1ae2344d91 \
    --hash=sha256:23219888477edd736b6fcaec1272d47d93b926e999641ffea7e53a1738e70b2b \
    --hash=sha256:251aed777c47c77aba047096d4542889db089227655711dfc2b9c54ef0e15e35 \
    --hash=sha256:28ff850182a67d117990fa2ce5ea1032836d8c9630dae867e8bdd3bff4533b79 \
    --hash=sha256:29309ccc86b7f33df7db12813c299f215bbbc470ed6292d0bedd63ffae1ebf64 \
    --hash=sha256:2aca0bdfa9e91621d5b09d815357bf63def4fc0e9cb66da67bf2cf93f3b1a6f5 \
    --hash=sha256:30c1b65d529e46569899fadca59e4a87c1faf2886923f1307ba61e654d4f3c20 \
    --hash=sha256:35f37886699cb9abd29958247d718628d5bc6f39e623dff66a09e546c42a7e03 \
    --hash=sha256:382d3346d56b0eec1b793d53a4c88799c8053f516aa3a8d7c44315696954bacf \
    --hash=sha256:396bb16e04ce04efbb3df91456ae4e3da918e69ecdf67fb711b0a0fdf35ccce0 \
    --hash=sha256:3e7f99698ba3a7d13988bdd984b7ebf13af4dbe2166dc8502eef90d77603b0a4 \
    --hash=sha256:3e861f1071dcc2fec1e88bef0920f6b1eaa66a143555b4f8ab79ba2b0f30ef55 \
    --hash=sha256:3f43bac1856ba269b905302778d4df433d6006489a192174ad77ac528e395032 \
    --hash=sha256:40c0f00899fe6181ae7f434ceb200e51f5ee4b8ed10e3b5f0b605f0cae15da87 \
    --hash=sha256:414c26dfdb96aac2d570a54e03008f001e32eb2d413705365503648c6bd361d8 \
    --hash=sha256:4358b9c8c0125b460407f3017c6cce8156e904b32772c5630d27112f52bdbfe5 \
    --hash=sha256:444889f7f66b74e4455c0a97e0e166dd41177f1dca8c0239a47cff25e05ba7e1 \
    --hash=sha256:44f21e407b278efdfc1ee5e481e00518bd1d500310a30a5fbf2bcbedfef4aaf0 \
    --hash=sha256:4cc4f73aa3fabc36e32046d6cd2971405948d8a903636508a3d3b2f9128b3a95 \
    --hash=sha256:4dbbd1155ca46e6e0b6b89d204428c56ef6a459af21333f365d135a2820e5a09 \
    --hash=sha256:4ee546b9e4872ffa194bf07ac87bfa1202ebb824d0795dc1ef22f175545ca90a \
    --hash=sha256:5139009b5efd2194fc168ee9362f0e191ba612ef5d29242f9269c22f9b8f80c7 \
    --hash=sha256:5375ebd99038021b35e99dc88255022912c06565d316212f4a576e4b08d30f5d \
    --hash=sha256:5397e21a90dde0e9c6896b77ded8f0be26b66f8b22b33aed41f6043ed95d55e6 \
    --hash=sha256:57ff3783f99d75a1e81dd56a9737eb5665e6736a5d93258ba596b6dcad8fd05b \
    --hash=sha256:58d4a54c6ea672afef66d49be922a2c69826c5ae1a42a9cd94f0c9c2bacdf800 \
    --hash=sha256:59c3926585e1cd1f2190f4b2ac9014de1bbeaf0d5d0587b0dc6b0aa90d17896a \
    --hash=sha256:5a27b731c171e43dc8b5f32b76a5051dde2ec9b9366c87028f08a7088ebc2c7b \
    --hash=sha256:5b3146d2317c75f70df2509066d979dadd941f7021cdf9b5db4bcd8568258e25 \
    --hash=sha256:5dca0bb66b4c3d624ba047887bf70270030c150692d543cb501293dc38a9f4b5 \
    --hash=sha256:611a44e5229a59d7483ce830160e1a0e85f700562c7a5651c7c63fb8f4eb528c \
    --hash=sha256:648352b94507179d82637292e7ae8802508d95f78e2f00a705a50b6c48011681 \
    --hash=sha256:6a75180829efb8ae62b4aded25be6ddca1c888d138d2d82e21d93bfbd88f41cb \
    --hash=sha256:705e5af11d34647efdc170c7840b6857c81cf74be96419a553f237e68e62cb72 \
    --hash=sha256:723dcdab91357159b722935b500ee8abc0a66c8c432e1e9fabf4cc7598952de8 \
    --hash=sha256:724bd0f1e81856b35e59fc98cf7b4e544a3cb662e4e0864dca73d4326ee9d808 \
    --hash=sha256:732d950e51f3ba4fb6209c73250f3e8924fefca42953ee04a9e65d8c02414d7d \
    --hash=sha256:736fde09ea39646d11f8e3b76bd3425c075aa4dd45f24891970bb77c14ff20f5 \
    --hash=sha256:7a076277ca9f5750cc230f0f578ebd2620cec60255b25707361699fef6fb465c \
    --hash=sha256:7b3bce4a0d05401d70b7d0d5ca783e686bc9d30e81dbd7d980d532609bf809e4 \
    --hash=sha256:7b451c68218c150f616bc9649783ec8de76a59792c759b43aa0c9c0466a465e4 \
    --hash=sha256:7d0732c83746bc24123c581a85d9dd96b70ddb538c9076020aa1a041790361e9 \
    --hash=sha256:7ed238d227e23cc300c3d464babdaf9f6ddc740aa1b15a77ae96136e6a7c4516 \
    --hash=sha256:80d3f7b48d43ee8fc5e8707a8adb43d743a5a1a85256c25a24f9d6d0e2238fa6 \
    --hash=sha256:80e9fdb4c3d926b6ba721d4bf7435bdb869c3527ae7803290361d0ab73db13b6 \
    --hash=sha256:848893e1d361448c113dc2f0913503522a6f7be231d0e38333d2a22d9698a011 \
    --hash=sha256:893ea9cf86cb8d2546812ac93d973aaf2ee1fb45110a873b014214fd23e3725e \
    --hash=sha256:8afd9bf35cc6a1f22eb3634808fa8e0b91902459c5721ef2e4461dfe771d7f08 \
    --hash=sha256:8be099e979fc42559328a21828281b4578304191ae46ed4e80a407048a82eee6 \
    --hash=sha256:8e209591f7c41ae4a9171335cf6156afda0b21de73b02f73f5aa95b2d5fbb08d \
    --hash=sha256:8fc15cc8d0d06e873c00ef18e1372d605f9aaf3de27d8c24e50782e75bc8b843 \
    --hash=sha256:9174f0af24e5eff248b9dbfe76ec5275a3d19d37edbc2810543f12cf97347a34 \
    --hash=sha256:921415102a90637fcc2e3f169f61dad7699ecf690e8639fc21b813acbedc0967 \
    --hash=sha256:967d72c835d7a8cf0af99ec813a2d06e3db6df706402f1fe85b31b437645f495 \
    --hash=sha256:98d9c97f51b334b0adce7b964442a9af33c1a00c6ac856984cc5dc8d18f81c75 \
    --hash=sha256:99704f73721e23859112072d522076e11c31744fc96b5652e5dd2018aa4359f7 \
    --hash=sha256:9a75a4704ff640e46170042eec1f984385a121227c505d5a16ad8e495f452541 \
    --hash=sha256:9acc7f7ec4a1b5f89bd929fde5b8a714f6fafdc6cc18725413d510aa082b47ad \
    --hash=sha256:9c6afdd69218202bc1758c9a14b86b8cf1084f37ed2ca143e567a103772b16d1 \
    --hash=sha256:9cdf19874e0d247f32f03609200370343c3c7aa260b191d8c2bb251d36198283 \
    --hash=sha256:9e1d0ced76318bab499693ff25f64faa343415187cb2e4d7befdfdd391a1cf6a \
    --hash=sha256:9fd670ac43b709c575aefc25bf52d8a598a3bc5017bddfd0a179152ab06a2deb \
    --hash=sha256:a0f2285329dac10ab08f79cb11f5692c497018e6c7c511f95e6fd63a70b8f831 \
    --hash=sha256:a2fac6895eb299a2e52d7bbb8fb3903502b9da8d3f5309ceb16ec40c646b58ee \
    --hash=sha256:a336eec40e3520d369b8a6cdabb4f596e69a8b42927ca074aa1452fed943238a \
    --hash=sha256:a4624f80732f6b427ac58f1f59c577a0994a12e8174b5af6a027b4b58795d4c3 \
    --hash=sha256:a56ac4fa5a75c7e182e8f62600cfb4aff43c5ed7356a034f3557659c3bec1d90 \
    --hash=sha256:a678c0b6b22086ec2427359d22e37445d4a792f5fdbbc744112c7dade65cad02 \
    --hash=sha256:a740ea6f083c6db7b926534d159508f80ba275ab35e722522de0d18d0f56e55f \
    --hash=sha256:a90700f743e29aa3d75a6ff5f01953176a889c00e526194bc4d281731b88d99d \
    --hash=sha256:a9a638be322a8d76a41cdb17781c7f82aaee6a66493d8ffb7e2c09ee22423d99 \
    --hash=sha256:a9cd3de0a5bfe7b0e21ee10e1a14e3d61bf52efc88217ab1d95d6ace6970bd46 \
    --hash=sha256:aa62c85046473959c13ba9edca9dc90a77d5c1095b1ba313556314d77fe5b036 \
    --hash=sha256:aba5c63b7afdc749cc9eae943d5b868cba2b261a176378fa1c5a30bc8bc89982 \
    --hash=sha256:ac0f3b379c94acc2f7dce5f5f0b24d44fa1cc6a509717ef83dfee07450c2117c \
    --hash=sha256:af2a2a8c7c74de0559e0c368d94c8def9e16c58faaee33a0bf081057c4227e3b \
    --hash=sha256:af98ad5ed9d6daaca956201e00bb429a7eb2b080426686f70a20353e0f9839f5 \
    --hash=sha256:afdf43b72ef3876c1fe66423b91466e37877c9e81e8cec70542b7e8525b9d1b7 \
    --hash=sha256:b88841e654f09732804809e435b3e005a929ffd9998b872b7b213957b8759cb8 \
    --hash=sha256:bb2fc905bbf4e6b7f40806ea79e31515abf6349594cdf0adf27c4215f0463204 \
    --hash=sha256:bb4ffe96aa663cee727659db5a2afeb38c95f8677b747d447b90d6d4874ea2c5 \
    --hash=sha256:bc0b0ac781d489304b741269857f1f8338b7a26b1b89c06c0344658001ec0035 \
    --hash=sha256:bf1bd822ec4e387ed245bed0d71151582cf7be9e5309bc4145eefe36083d5878 \
    --hash=sha256:c19cd6d025c1673f22afcd22c7df8a662d779e05d8e3fa6820c22afb895b0206 \
    --hash=sha256:c3305c38a2fa21a4254f2ace7dd9ef5fc569c9a558b66e7017650b3d637fb95e \
    --hash=sha256:c85d54e7e8a2ca932fe8399301af9b8d5907ea2a455ffaff6e7d1208db83b943 \
    --hash=sha256:ca64d9f1f384f151b9511bec01126072acd2f313439f8ed015a22d8790aab6fa \
    --hash=sha256:cce2bc991293f15cc4084ca116827b5900c5f34e1a54dfe83f10ab5c43162eb7 \
    --hash=sha256:d6276d78f6fca7d0ac066d5da4165c5acd07829e8305c2cb900b738fb3a75a72 \
    --hash=sha256:d93db87adb6b1c1b408dce4763314b55d76a9f589e96783a84ac9e7689e48bdf \
    --hash=sha256:db5f8394e17f877a625b257f2ba0ce8e728a499c2c1579ad66220272cd3df510 \
    --hash=sha256:db76506aa5416081f3e8974ae0f7965c58ada0bb0ef7339ac86099588dbb20d3 \
    --hash=sha256:dba2edfb054f6d4a08df9d1637c39a5aa3865bca6617c13c86be21e45658a59c \
    --hash=sha256:dcf4bc2aab4e16b1c4c0c2005918f23a7dd5d7821ddae82caed9e3342dc2fcce \
    --hash=sha256:e1fa594c887365b69745f25a416806e61085dd07b94c9eae68a6e20730629b23 \
    --hash=sha256:e6c52d3307824ff93b39efd99e4185d557db40bd841452abfb32e5d9151ca162 \
    --hash=sha256:eb57acff4a74246ae513c142d4b36e18c389c3aed8661914a53f7cd0071031b2 \
    --hash=sha256:f80bd9f9633eafc73d0a913ba2645c96ba58bba1befc30590f7c0fbfde59d865 \
    --hash=sha256:f8475460aa33ee28ac896ab1156d0bb3b6c639f7f8383c2677d3359eb35f8205 \
    --hash=sha256:fb2bde05838fffae1a1bf75e5d411a6cac3e4e9bb97e6640fed8cd47888b33f0 \
    --hash=sha256:fb9d92ecfe2d5b494367c67f7446f8b75b68d8d0c8cf3bc3e6997478be25d9e2 \
    --hash=sha256:fd3d72233eb8b48acc94fa57d44e2d32ce8e7abed02882ccb6d855ccc4ed33ec
    # via -r contracts/m8/requirements.in
jsonschema==4.26.0 \
    --hash=sha256:0c26707e2efad8aa1bfc5b7ce170f3fccc2e4918ff85989ba9ffa9facb2be326 \
    --hash=sha256:d489f15263b8d200f8387e64b4c3a75f06629559fb73deb8fdfb525f2dab50ce
    # via -r contracts/m8/requirements.in
jsonschema-specifications==2025.9.1 \
    --hash=sha256:98802fee3a11ee76ecaca44429fda8a41bff98b00a0f2838151b113f210cc6fe \
    --hash=sha256:b540987f239e745613c7a9176f3edb72b832a4ac465cf02712288397832b5e8d
    # via jsonschema
referencing==0.37.0 \
    --hash=sha256:381329a9f99628c9069361716891d34ad94af76e461dcb0335825aecc7692231 \
    --hash=sha256:44aefc3142c5b842538163acb373e24cce6632bd54bdb01b21ad5863489f50d8
    # via
    #   jsonschema
    #   jsonschema-specifications
rpds-py==0.30.0 \
    --hash=sha256:07ae8a593e1c3c6b82ca3292efbe73c30b61332fd612e05abee07c79359f292f \
    --hash=sha256:0a59119fc6e3f460315fe9d08149f8102aa322299deaa5cab5b40092345c2136 \
    --hash=sha256:0c0e95f6819a19965ff420f65578bacb0b00f251fefe2c8b23347c37174271f3 \
    --hash=sha256:0d08f00679177226c4cb8c5265012eea897c8ca3b93f429e546600c971bcbae7 \
    --hash=sha256:0ed177ed9bded28f8deb6ab40c183cd1192aa0de40c12f38be4d59cd33cb5c65 \
    --hash=sha256:12f90dd7557b6bd57f40abe7747e81e0c0b119bef015ea7726e69fe550e394a4 \
    --hash=sha256:1726859cd0de969f88dc8673bdd954185b9104e05806be64bcd87badbe313169 \
    --hash=sha256:1ab5b83dbcf55acc8b08fc62b796ef672c457b17dbd7820a11d6c52c06839bdf \
    --hash=sha256:1b151685b23929ab7beec71080a8889d4d6d9fa9a983d213f07121205d48e2c4 \
    --hash=sha256:1f3587eb9b17f3789ad50824084fa6f81921bbf9a795826570bda82cb3ed91f2 \
    --hash=sha256:250fa00e9543ac9b97ac258bd37367ff5256666122c2d0f2bc97577c60a1818c \
    --hash=sha256:2771c6c15973347f50fece41fc447c054b7ac2ae0502388ce3b6738cd366e3d4 \
    --hash=sha256:27f4b0e92de5bfbc6f86e43959e6edd1425c33b5e69aab0984a72047f2bcf1e3 \
    --hash=sha256:2e6ecb5a5bcacf59c3f912155044479af1d0b6681280048b338b28e364aca1f6 \
    --hash=sha256:32c8528634e1bf7121f3de08fa85b138f4e0dc47657866630611b03967f041d7 \
    --hash=sha256:33f559f3104504506a44bb666b93a33f5d33133765b0c216a5bf2f1e1503af89 \
    --hash=sha256:3896fa1be39912cf0757753826bc8bdc8ca331a28a7c4ae46b7a21280b06bb85 \
    --hash=sha256:389a2d49eded1896c3d48b0136ead37c48e221b391c052fba3f4055c367f60a6 \
    --hash=sha256:39c02563fc592411c2c61d26b6c5fe1e51eaa44a75aa2c8735ca88b0d9599daa \
    --hash=sha256:3adbb8179ce342d235c31ab8ec511e66c73faa27a47e076ccc92421add53e2bb \
    --hash=sha256:3d4a69de7a3e50ffc214ae16d79d8fbb0922972da0356dcf4d0fdca2878559c6 \
    --hash=sha256:3e62880792319dbeb7eb866547f2e35973289e7d5696c6e295476448f5b63c87 \
    --hash=sha256:3e8eeb0544f2eb0d2581774be4c3410356eba189529a6b3e36bbbf9696175856 \
    --hash=sha256:422c3cb9856d80b09d30d2eb255d0754b23e090034e1deb4083f8004bd0761e4 \
    --hash=sha256:4559c972db3a360808309e06a74628b95eaccbf961c335c8fe0d590cf587456f \
    --hash=sha256:46e83c697b1f1c72b50e5ee5adb4353eef7406fb3f2043d64c33f20ad1c2fc53 \
    --hash=sha256:47b0ef6231c58f506ef0b74d44e330405caa8428e770fec25329ed2cb971a229 \
    --hash=sha256:47e77dc9822d3ad616c3d5759ea5631a75e5809d5a28707744ef79d7a1bcfcad \
    --hash=sha256:47f236970bccb2233267d89173d3ad2703cd36a0e2a6e92d0560d333871a3d23 \
    --hash=sha256:47f9a91efc418b54fb8190a6b4aa7813a23fb79c51f4bb84e418f5476c38b8db \
    --hash=sha256:495aeca4b93d465efde585977365187149e75383ad2684f81519f504f5c13038 \
    --hash=sha256:4c5f36a861bc4b7da6516dbdf302c55313afa09b81931e8280361a4f6c9a2d27 \
    --hash=sha256:4cc2206b76b4f576934f0ed374b10d7ca5f457858b157ca52064bdfc26b9fc00 \
    --hash=sha256:4e7fc54e0900ab35d041b0601431b0a0eb495f0851a0639b6ef90f7741b39a18 \
    --hash=sha256:51a1234d8febafdfd33a42d97da7a43f5dcb120c1060e352a3fbc0c6d36e2083 \
    --hash=sha256:55f66022632205940f1827effeff17c4fa7ae1953d2b74a8581baaefb7d16f8c \
    --hash=sha256:58edca431fb9b29950807e301826586e5bbf24163677732429770a697ffe6738 \
    --hash=sha256:5965af57d5848192c13534f90f9dd16464f3c37aaf166cc1da1cae1fd5a34898 \
    --hash=sha256:5ba103fb455be00f3b1c2076c9d4264bfcb037c976167a6047ed82f23153f02e \
    --hash=sha256:5d4c2aa7c50ad4728a094ebd5eb46c452e9cb7edbfdb18f9e1221f597a73e1e7 \
    --hash=sha256:61046904275472a76c8c90c9ccee9013d70a6d0f73eecefd38c1ae7c39045a08 \
    --hash=sha256:613aa4771c99f03346e54c3f038e4cc574ac09a3ddfb0e8878487335e96dead6 \
    --hash=sha256:626a7433c34566535b6e56a1b39a7b17ba961e97ce3b80ec62e6f1312c025551 \
    --hash=sha256:669b1805bd639dd2989b281be2cfd951c6121b65e729d9b843e9639ef1fd555e \
    --hash=sha256:679ae98e00c0e8d68a7fda324e16b90fd5260945b45d3b824c892cec9eea3288 \
    --hash=sha256:67b02ec25ba7a9e8fa74c63b6ca44cf5707f2fbfadae3ee8e7494297d56aa9df \
    --hash=sha256:68f19c879420aa08f61203801423f6cd5ac5f0ac4ac82a2368a9fcd6a9a075e0 \
    --hash=sha256:692bef75a5525db97318e8cd061542b5a79812d711ea03dbc1f6f8dbb0c5f0d2 \
    --hash=sha256:6abc8880d9d036ecaafe709079969f56e876fcf107f7a8e9920ba6d5a3878d05 \
    --hash=sha256:6bdfdb946967d816e6adf9a3d8201bfad269c67efe6cefd7093ef959683c8de0 \
    --hash=sha256:6de2a32a1665b93233cde140ff8b3467bdb9e2af2b91079f0333a0974d12d464 \
    --hash=sha256:73c67f2db7bc334e518d097c6d1e6fed021bbc9b7d678d6cc433478365d1d5f5 \
    --hash=sha256:74a3243a411126362712ee1524dfc90c650a503502f135d54d1b352bd01f2404 \
    --hash=sha256:76fec018282b4ead0364022e3c54b60bf368b9d926877957a8624b58419169b7 \
    --hash=sha256:7c64d38fb49b6cdeda16ab49e35fe0da2e1e9b34bc38bd78386530f218b37139 \
    --hash=sha256:7cee9c752c0364588353e627da8a7e808a66873672bcb5f52890c33fd965b394 \
    --hash=sha256:7e6ecfcb62edfd632e56983964e6884851786443739dbfe3582947e87274f7cb \
    --hash=sha256:806f36b1b605e2d6a72716f321f20036b9489d29c51c91f4dd29a3e3afb73b15 \
    --hash=sha256:858738e9c32147f78b3ac24dc0edb6610000e56dc0f700fd5f651d0a0f0eb9ff \
    --hash=sha256:8d6d1cc13664ec13c1b84241204ff3b12f9bb82464b8ad6e7a5d3486975c2eed \
    --hash=sha256:9027da1ce107104c50c81383cae773ef5c24d296dd11c99e2629dbd7967a20c6 \
    --hash=sha256:922e10f31f303c7c920da8981051ff6d8c1a56207dbdf330d9047f6d30b70e5e \
    --hash=sha256:945dccface01af02675628334f7cf49c2af4c1c904748efc5cf7bbdf0b579f95 \
    --hash=sha256:946fe926af6e44f3697abbc305ea168c2c31d3e3ef1058cf68f379bf0335a78d \
    --hash=sha256:95f0802447ac2d10bcc69f6dc28fe95fdf17940367b21d34e34c737870758950 \
    --hash=sha256:9854cf4f488b3d57b9aaeb105f06d78e5529d3145b1e4a41750167e8c213c6d3 \
    --hash=sha256:993914b8e560023bc0a8bf742c5f303551992dcb85e247b1e5c7f4a7d145bda5 \
    --hash=sha256:99b47d6ad9a6da00bec6aabe5a6279ecd3c06a329d4aa4771034a21e335c3a97 \
    --hash=sha256:9a4e86e34e9ab6b667c27f3211ca48f73dba7cd3d90f8d5b11be56e5dbc3fb4e \
    --hash=sha256:9cf69cdda1f5968a30a359aba2f7f9aa648a9ce4b580d6826437f2b291cfc86e \
    --hash=sha256:a090322ca841abd453d43456ac34db46e8b05fd9b3b4ac0c78bcde8b089f959b \
    --hash=sha256:a1010ed9524c73b94d15919ca4d41d8780980e1765babf85f9a2f90d247153dd \
    --hash=sha256:a161f20d9a43006833cd7068375a94d035714d73a172b681d8881820600abfad \
    --hash=sha256:a1d0bc22a7cdc173fedebb73ef81e07faef93692b8c1ad3733b67e31e1b6e1b8 \
    --hash=sha256:a2bffea6a4ca9f01b3f8e548302470306689684e61602aa3d141e34da06cf425 \
    --hash=sha256:a452763cc5198f2f98898eb98f7569649fe5da666c2dc6b5ddb10fde5a574221 \
    --hash=sha256:a4796a717bf12b9da9d3ad002519a86063dcac8988b030e405704ef7d74d2d9d \
    --hash=sha256:a51033ff701fca756439d641c0ad09a41d9242fa69121c7d8769604a0a629825 \
    --hash=sha256:a8fa71a2e078c527c3e9dc9fc5a98c9db40bcc8a92b4e8858e36d329f8684b51 \
    --hash=sha256:ac37f9f516c51e5753f27dfdef11a88330f04de2d564be3991384b2f3535d02e \
    --hash=sha256:ac98b175585ecf4c0348fd7b29c3864bda53b805c773cbf7bfdaffc8070c976f \
    --hash=sha256:acd7eb3f4471577b9b5a41baf02a978e8bdeb08b4b355273994f8b87032000a8 \
    --hash=sha256:ad1fa8db769b76ea911cb4e10f049d80bf518c104f15b3edb2371cc65375c46f \
    --hash=sha256:b40fb160a2db369a194cb27943582b38f79fc4887291417685f3ad693c5a1d5d \
    --hash=sha256:b4dc1a6ff022ff85ecafef7979a2c6eb423430e05f1165d6688234e62ba99a07 \
    --hash=sha256:ba3af48635eb83d03f6c9735dfb21785303e73d22ad03d489e88adae6eab8877 \
    --hash=sha256:ba81a9203d07805435eb06f536d95a266c21e5b2dfbf6517748ca40c98d19e31 \
    --hash=sha256:c2262bdba0ad4fc6fb5545660673925c2d2a5d9e2e0fb603aad545427be0fc58 \
    --hash=sha256:c77afbd5f5250bf27bf516c7c4a016813eb2d3e116139aed0096940c5982da94 \
    --hash=sha256:ca28829ae5f5d569bb62a79512c842a03a12576375d5ece7d2cadf8abe96ec28 \
    --hash=sha256:cdc62c8286ba9bf7f47befdcea13ea0e26bf294bda99758fd90535cbaf408000 \
    --hash=sha256:d948b135c4693daff7bc2dcfc4ec57237a29bd37e60c2fabf5aff2bbacf3e2f1 \
    --hash=sha256:d96c2086587c7c30d44f31f42eae4eac89b60dabbac18c7669be3700f13c3ce1 \
    --hash=sha256:d9a0ca5da0386dee0655b4ccdf46119df60e0f10da268d04fe7cc87886872ba7 \
    --hash=sha256:da279aa314f00acbb803da1e76fa18666778e8a8f83484fba94526da5de2cba7 \
    --hash=sha256:dbd936cde57abfee19ab3213cf9c26be06d60750e60a8e4dd85d1ab12c8b1f40 \
    --hash=sha256:dc4f992dfe1e2bc3ebc7444f6c7051b4bc13cd8e33e43511e8ffd13bf407010d \
    --hash=sha256:dc824125c72246d924f7f796b4f63c1e9dc810c7d9e2355864b3c3a73d59ade0 \
    --hash=sha256:dd8ff7cf90014af0c0f787eea34794ebf6415242ee1d6fa91eaba725cc441e84 \
    --hash=sha256:dea5b552272a944763b34394d04577cf0f9bd013207bc32323b5a89a53cf9c2f \
    --hash=sha256:dff13836529b921e22f15cb099751209a60009731a68519630a24d61f0b1b30a \
    --hash=sha256:e0b65193a413ccc930671c55153a03ee57cecb49e6227204b04fae512eb657a7 \
    --hash=sha256:e5d3e6b26f2c785d65cc25ef1e5267ccbe1b069c5c21b8cc724efee290554419 \
    --hash=sha256:e7536cd91353c5273434b4e003cbda89034d67e7710eab8761fd918ec6c69cf8 \
    --hash=sha256:eb0b93f2e5c2189ee831ee43f156ed34e2a89a78a66b98cadad955972548be5a \
    --hash=sha256:eb2c4071ab598733724c08221091e8d80e89064cd472819285a9ab0f24bcedb9 \
    --hash=sha256:ec7c4490c672c1a0389d319b3a9cfcd098dcdc4783991553c332a15acf7249be \
    --hash=sha256:ee454b2a007d57363c2dfd5b6ca4a5d7e2c518938f8ed3b706e37e5d470801ed \
    --hash=sha256:ee6af14263f25eedc3bb918a3c04245106a42dfd4f5c2285ea6f997b1fc3f89a \
    --hash=sha256:f14fc5df50a716f7ece6a80b6c78bb35ea2ca47c499e422aa4463455dd96d56d \
    --hash=sha256:f207f69853edd6f6700b86efb84999651baf3789e78a466431df1331608e5324 \
    --hash=sha256:f251c812357a3fed308d684a5079ddfb9d933860fc6de89f2b7ab00da481e65f \
    --hash=sha256:f83424d738204d9770830d35290ff3273fbb02b41f919870479fab14b9d303b2 \
    --hash=sha256:f8d1736cfb49381ba528cd5baa46f82fdc65c06e843dab24dd70b63d09121b3f \
    --hash=sha256:fe5fa731a1fa8a0a56b0977413f8cacac1768dad38d16b3a296712709476fbd5
    # via
    #   jsonschema
    #   referencing
ruff==0.16.10 \
    --hash=sha256:1dfc6f0088149fb6a362c1c446bcbb3fd2157b3852fe2fa68409276eab9ad9b3 \
    --hash=sha256:25a65fe998c4e6861ec079ada5826a2fc605e6cbccbe9dcd7fac1f54e791621b \
    --hash=sha256:2a12e01cb9156c10c466f63b46eaae5ecea28dfbd21b5836353ae498e7d1349a \
    --hash=sha256:3031a4a2e8e7b8a46f70be45f198c35a11ece509a94b80334d8d397a33c67550 \
    --hash=sha256:3e70175e29cc94c26ea296c80e470180b744b7419026898e58f520c6ab32578e \
    --hash=sha256:488b0fe3f3574210e5cf80d9f59b9e3ab17a127a8155de3f307b392589cfb511 \
    --hash=sha256:494401c86df4c4c25f69b9419605d944467ee98c42fb6ad405ef4fa40b8fb67d \
    --hash=sha256:6553498afc35f580f036030795810b9e6bcea31604b0fd9e8d352795473042e3 \
    --hash=sha256:7ae7375f803b5520dc9f546bed7e3a0acb70b91812e9bb4b19927de22f25b77d \
    --hash=sha256:92e59a70bcbd9d3a5483656da906ec28edfdacfce00afd99edb8b4e9d15644be \
    --hash=sha256:97f2015c92aa97105b0eab19eb5d224884399281cfc5da86a92db4ab5e7fb2ca \
    --hash=sha256:a3b8471dea115d37f123882be852bed13403746d3a76c11de4a19ec5f9ff5a03 \
    --hash=sha256:bc2610fb269fa56dd8a68669ae470fa6272902668c0fc2ebc3aa112b2633d5b8 \
    --hash=sha256:bd83d1235a5258d318477bc5b576303974cbdef5df0c01a1bff14efcc23bd12a \
    --hash=sha256:d203abc0ff2b773ee33d00ab8df0bb67046fbc7c07b119332f08b9b345cf8221 \
    --hash=sha256:e748ff95c934c4e978783b8e687bc174e7bd84e8ad24e3243e1ecfcda5e0282d \
    --hash=sha256:eff4728c4eaae93f0955cd264d24b2ab348e74bf59986ccf282ba6dc16b3b017 \
    --hash=sha256:f33f43a864a8483eebd160e713336c8bab02c934feaff0a33cf5ccb41546d09a
    # via -r contracts/m8/requirements.in
typing-extensions==4.16.0 \
    --hash=sha256:481caa481374e813c1b176ada14e97f1f67a4539ce9cfeb3f350d78d6370c2e8 \
    --hash=sha256:dc983d19a509c94dba722ee6abd33940f7c05a89e243c47e907eb4db6f1a43e5
    # via referencing
